lockVersion: 2.0.0
id: a76d3a50-7d28-47aa-96a0-41eb7882b85b
management:
  docChecksum: b3cc26c2dcd11d688f57f5aa75ff28e4
  docVersion: 1.0.0
  speakeasyVersion: 1.210.0
  generationVersion: 2.281.2
  releaseVersion: 0.0.2
  configChecksum: 35c04194cc994986d4408bf17c163a04
features:
  terraform:
    constsAndDefaults: 0.1.4
    core: 3.10.3
    globalSecurity: 2.81.5
    globalServerURLs: 2.82.1
    groups: 2.81.2
    ignores: 2.81.1
    nameOverrides: 2.81.1
    typeOverrides: 2.81.1
    unions: 2.81.9
generatedFiles:
  - internal/sdk/npapublishers.go
  - internal/sdk/publishertoken.go
  - internal/sdk/npapublishersapps.go
  - internal/sdk/npapublishersreleases.go
  - internal/sdk/sdk.go
  - examples/README.md
  - go.mod
  - go.sum
  - internal/planmodifiers/boolplanmodifier/suppress_diff.go
  - internal/planmodifiers/float64planmodifier/suppress_diff.go
  - internal/planmodifiers/int64planmodifier/suppress_diff.go
  - internal/planmodifiers/listplanmodifier/suppress_diff.go
  - internal/planmodifiers/mapplanmodifier/suppress_diff.go
  - internal/planmodifiers/numberplanmodifier/suppress_diff.go
  - internal/planmodifiers/objectplanmodifier/suppress_diff.go
  - internal/planmodifiers/setplanmodifier/suppress_diff.go
  - internal/planmodifiers/stringplanmodifier/suppress_diff.go
  - internal/planmodifiers/utils/state_check.go
  - internal/provider/reflect/diags.go
  - internal/provider/reflect/doc.go
  - internal/provider/reflect/generic_attr_value.go
  - internal/provider/reflect/helpers.go
  - internal/provider/reflect/interfaces.go
  - internal/provider/reflect/into.go
  - internal/provider/reflect/map.go
  - internal/provider/reflect/number.go
  - internal/provider/reflect/options.go
  - internal/provider/reflect/outof.go
  - internal/provider/reflect/pointer.go
  - internal/provider/reflect/primitive.go
  - internal/provider/reflect/slice.go
  - internal/provider/reflect/struct.go
  - internal/provider/utils.go
  - internal/sdk/pkg/models/sdkerrors/sdkerror.go
  - internal/sdk/pkg/types/bigint.go
  - internal/sdk/pkg/types/date.go
  - internal/sdk/pkg/types/datetime.go
  - internal/sdk/pkg/types/decimal.go
  - internal/sdk/pkg/types/pointers.go
  - internal/sdk/pkg/utils/contenttype.go
  - internal/sdk/pkg/utils/form.go
  - internal/sdk/pkg/utils/headers.go
  - internal/sdk/pkg/utils/json.go
  - internal/sdk/pkg/utils/pathparams.go
  - internal/sdk/pkg/utils/queryparams.go
  - internal/sdk/pkg/utils/requestbody.go
  - internal/sdk/pkg/utils/retries.go
  - internal/sdk/pkg/utils/security.go
  - internal/sdk/pkg/utils/utils.go
  - internal/validators/DateValidator.go
  - internal/validators/ExactlyOneChild.go
  - internal/validators/JSONParseValidator.go
  - internal/validators/RFC3339Validator.go
  - internal/validators/boolvalidators/not_null.go
  - internal/validators/float64validators/not_null.go
  - internal/validators/int64validators/not_null.go
  - internal/validators/listvalidators/not_null.go
  - internal/validators/mapvalidators/not_null.go
  - internal/validators/numbervalidators/not_null.go
  - internal/validators/objectvalidators/not_null.go
  - internal/validators/setvalidators/not_null.go
  - internal/validators/stringvalidators/not_null.go
  - main.go
  - terraform-registry-manifest.json
  - tools/tools.go
  - internal/sdk/pkg/models/operations/patchinfrastructurepublisherspublisherid.go
  - internal/sdk/pkg/models/operations/putinfrastructurepublishersbulk.go
  - internal/sdk/pkg/models/operations/getinfrastructurepublishersalertsconfiguration.go
  - internal/sdk/pkg/models/operations/putinfrastructurepublishersalertsconfiguration.go
  - internal/sdk/pkg/models/operations/getpolicynparules.go
  - internal/sdk/pkg/models/operations/postpolicynparules.go
  - internal/sdk/pkg/models/operations/deletepolicynparulesid.go
  - internal/sdk/pkg/models/operations/patchpolicynparulesid.go
  - internal/sdk/pkg/models/operations/getpolicynparulesid.go
  - internal/sdk/pkg/models/operations/getinfrastructurepublishers.go
  - internal/sdk/pkg/models/operations/postinfrastructurepublishers.go
  - internal/sdk/pkg/models/operations/deleteinfrastructurepublisherspublisherid.go
  - internal/sdk/pkg/models/operations/putinfrastructurepublisherspublisherid.go
  - internal/sdk/pkg/models/operations/getinfrastructurepublisherspublisherid.go
  - internal/sdk/pkg/models/operations/postinfrastructurepublisherspublisheridregistrationtoken.go
  - internal/sdk/pkg/models/operations/getinfrastructurepublisherspublisheridapps.go
  - internal/sdk/pkg/models/operations/getinfrastructurepublishersreleases.go
  - internal/sdk/pkg/models/shared/publishersresponse400.go
  - internal/sdk/pkg/models/shared/publisherresponse.go
  - internal/sdk/pkg/models/shared/tagitem.go
  - internal/sdk/pkg/models/shared/publisherputrequest.go
  - internal/sdk/pkg/models/shared/publishersbulkresponse.go
  - internal/sdk/pkg/models/shared/publisherbulkitem.go
  - internal/sdk/pkg/models/shared/publisherbulkrequest.go
  - internal/sdk/pkg/models/shared/publishersalertgetresponse.go
  - internal/sdk/pkg/models/shared/publishersalertputrequest.go
  - internal/sdk/pkg/models/shared/npapolicyresponse400.go
  - internal/sdk/pkg/models/shared/npapolicylistresponse.go
  - internal/sdk/pkg/models/shared/npapolicyresponseitem.go
  - internal/sdk/pkg/models/shared/npapolicyruledata.go
  - internal/sdk/pkg/models/shared/npapolicyruledlp.go
  - internal/sdk/pkg/models/shared/npapolicyrequest.go
  - internal/sdk/pkg/models/shared/publishersgetresponse.go
  - internal/sdk/pkg/models/shared/data.go
  - internal/sdk/pkg/models/shared/publisher.go
  - internal/sdk/pkg/models/shared/upgradestatus.go
  - internal/sdk/pkg/models/shared/upgradefailedreason.go
  - internal/sdk/pkg/models/shared/assessment.go
  - internal/sdk/pkg/models/shared/publisherpostrequest.go
  - internal/sdk/pkg/models/shared/tagitemnoid.go
  - internal/sdk/pkg/models/shared/publisherappslistresponse.go
  - internal/sdk/pkg/models/shared/servicepublisherassignmentitem.go
  - internal/sdk/pkg/models/shared/protocolresponseitem.go
  - internal/sdk/pkg/models/shared/publishersreleasegetresponse.go
  - internal/sdk/pkg/models/shared/releaseitem.go
  - internal/sdk/pkg/models/shared/security.go
  - internal/provider/type_npa_policy_rule_dlp.go
  - internal/provider/type_match_criteria_action.go
  - internal/provider/type_activities.go
  - internal/provider/type_private_apps_with_activities.go
  - internal/provider/type_npa_policy_rule_data.go
  - internal/provider/type_rule_order.go
  - internal/provider/type_tag_item.go
  - internal/provider/type_publisher_bulk_item_assessment.go
  - internal/provider/type_publisher_bulk_item.go
  - internal/provider/type_apply.go
  - internal/provider/type_publishers.go
  - internal/provider/type_npa_policy_response_item.go
  - internal/provider/type_protocol_response_item.go
  - internal/provider/type_reachability.go
  - internal/provider/type_service_publisher_assignment_item.go
  - internal/provider/type_publisher_apps_list_response_data.go
  - internal/provider/type_assessment.go
  - internal/provider/type_publisher_assessment.go
  - internal/provider/type_stitcher_id.go
  - internal/provider/type_upgrade_failed_reason.go
  - internal/provider/type_publisher_upgrade_failed_reason.go
  - internal/provider/type_upgrade_status.go
  - internal/provider/type_publisher.go
  - internal/provider/type_data.go
  - internal/provider/type_release_item.go
  - USAGE.md
  - internal/provider/provider.go
  - examples/provider/provider.tf
  - internal/provider/npapolicy_resource.go
  - internal/provider/npapolicy_resource_sdk.go
  - examples/resources/terraform_npa_policy/resource.tf
  - internal/provider/npapublishers_resource.go
  - internal/provider/npapublishers_resource_sdk.go
  - examples/resources/terraform_npa_publishers/resource.tf
  - internal/provider/npapublishersalertsconfiguration_resource.go
  - internal/provider/npapublishersalertsconfiguration_resource_sdk.go
  - examples/resources/terraform_npa_publishers_alerts_configuration/resource.tf
  - internal/provider/npapublishersbulkupgrade_resource.go
  - internal/provider/npapublishersbulkupgrade_resource_sdk.go
  - examples/resources/terraform_npa_publishers_bulk_upgrade/resource.tf
  - internal/provider/publishertoken_resource.go
  - internal/provider/publishertoken_resource_sdk.go
  - examples/resources/terraform_publisher_token/resource.tf
  - internal/provider/npapolicy_data_source.go
  - internal/provider/npapolicy_data_source_sdk.go
  - examples/data-sources/terraform_npa_policy/data-source.tf
  - internal/provider/npapolicylist_data_source.go
  - internal/provider/npapolicylist_data_source_sdk.go
  - examples/data-sources/terraform_npa_policy_list/data-source.tf
  - internal/provider/npapublishers_data_source.go
  - internal/provider/npapublishers_data_source_sdk.go
  - examples/data-sources/terraform_npa_publishers/data-source.tf
  - internal/provider/npapublishersalertsconfiguration_data_source.go
  - internal/provider/npapublishersalertsconfiguration_data_source_sdk.go
  - examples/data-sources/terraform_npa_publishers_alerts_configuration/data-source.tf
  - internal/provider/npapublishersappslist_data_source.go
  - internal/provider/npapublishersappslist_data_source_sdk.go
  - examples/data-sources/terraform_npa_publishers_apps_list/data-source.tf
  - internal/provider/npapublisherslist_data_source.go
  - internal/provider/npapublisherslist_data_source_sdk.go
  - examples/data-sources/terraform_npa_publishers_list/data-source.tf
  - internal/provider/npapublishersreleaseslist_data_source.go
  - internal/provider/npapublishersreleaseslist_data_source_sdk.go
  - examples/data-sources/terraform_npa_publishers_releases_list/data-source.tf
  - .gitattributes
