lockVersion: 2.0.0
id: f565e43d-f52d-4d56-a894-ca720af67426
management:
  docChecksum: 69bd91af291778d0fcffd92404265e01
  docVersion: 1.0.0
  speakeasyVersion: 1.349.2
  generationVersion: 2.382.2
  releaseVersion: 0.3.178
  configChecksum: ecd32157c8140193a03877d7dd1714a1
features:
  terraform:
    additionalDependencies: 0.1.0
    constsAndDefaults: 0.1.4
    core: 3.24.5
    globalSecurity: 2.81.6
    globalServerURLs: 2.82.1
    groups: 2.81.2
    ignores: 2.81.1
    nameOverrides: 2.81.2
generatedFiles:
  - internal/sdk/npapublishers.go
  - internal/sdk/npapublisher.go
  - internal/sdk/npapublishersreleases.go
  - internal/sdk/npapublisherapps.go
  - internal/sdk/npapublishertoken.go
  - internal/sdk/npapublisherupgradeprofiles.go
  - internal/sdk/npapublisherupgradeprofile.go
  - internal/sdk/npaprivateapp.go
  - internal/sdk/terraformproviderns.go
  - internal/sdk/models/errors/sdkerror.go
  - internal/sdk/retry/config.go
  - internal/sdk/types/bigint.go
  - internal/sdk/types/date.go
  - internal/sdk/types/datetime.go
  - internal/sdk/types/decimal.go
  - internal/sdk/types/pointers.go
  - internal/sdk/internal/utils/contenttype.go
  - internal/sdk/internal/utils/form.go
  - internal/sdk/internal/utils/headers.go
  - internal/sdk/internal/utils/json.go
  - internal/sdk/internal/utils/pathparams.go
  - internal/sdk/internal/utils/queryparams.go
  - internal/sdk/internal/utils/requestbody.go
  - internal/sdk/internal/utils/retries.go
  - internal/sdk/internal/utils/security.go
  - internal/sdk/internal/utils/utils.go
  - internal/sdk/models/operations/getnpapublisheralerts.go
  - internal/sdk/models/operations/createnpapublisheralerts.go
  - internal/sdk/models/operations/triggernpapublisherupdates.go
  - internal/sdk/models/operations/bulkupdatenpapublishers.go
  - internal/sdk/models/operations/listnpaprivateapps.go
  - internal/sdk/models/operations/getnpapolicyinuse.go
  - internal/sdk/models/operations/deletenpaprivateapp.go
  - internal/sdk/models/operations/getnpaprivateapp.go
  - internal/sdk/models/operations/getnpapublishers.go
  - internal/sdk/models/operations/createnpapublishers.go
  - internal/sdk/models/operations/deletenpapublishers.go
  - internal/sdk/models/operations/getnpapublisherbyid.go
  - internal/sdk/models/operations/updatenpapublisherbyid.go
  - internal/sdk/models/operations/getnpapublisherobjects.go
  - internal/sdk/models/operations/getnpapublisherapps.go
  - internal/sdk/models/operations/generatenpapublishertoken.go
  - internal/sdk/models/operations/listnpapublisherupgradeprofiles.go
  - internal/sdk/models/operations/createnpapublisherupgradeprofile.go
  - internal/sdk/models/operations/deletenpapublisherupgradeprofile.go
  - internal/sdk/models/operations/getnpapublisherupgradeprofile.go
  - internal/sdk/models/operations/updatenpapublisherupgradeprofile.go
  - internal/sdk/models/operations/createnpaprivateapps.go
  - internal/sdk/models/operations/updatenpaprivateapp.go
  - internal/sdk/models/shared/fourhundred.go
  - internal/sdk/models/shared/publishersresponse400.go
  - internal/sdk/models/shared/publishersalertgetresponse.go
  - internal/sdk/models/shared/publishersalertputresponse.go
  - internal/sdk/models/shared/publishersalertputrequest.go
  - internal/sdk/models/shared/publishersbulkresponse.go
  - internal/sdk/models/shared/publisherbulkitem.go
  - internal/sdk/models/shared/tagitem.go
  - internal/sdk/models/shared/publisherbulkrequest.go
  - internal/sdk/models/shared/publisherupgradeprofilebulkresponse.go
  - internal/sdk/models/shared/upgradepublisherresponse.go
  - internal/sdk/models/shared/publisherupgradeprofilebulkrequest.go
  - internal/sdk/models/shared/privateappsresponse400.go
  - internal/sdk/models/shared/privateappslistresponse.go
  - internal/sdk/models/shared/servicepublisherassignmentitem.go
  - internal/sdk/models/shared/protocolresponseitem.go
  - internal/sdk/models/shared/privateappsresponse.go
  - internal/sdk/models/shared/publishersgetresponse.go
  - internal/sdk/models/shared/publisherresponse.go
  - internal/sdk/models/shared/publisherpostrequest.go
  - internal/sdk/models/shared/publisherpatchrequest.go
  - internal/sdk/models/shared/publishersreleasegetresponse.go
  - internal/sdk/models/shared/releaseitem.go
  - internal/sdk/models/shared/publisherupgradeprofilelistresponse.go
  - internal/sdk/models/shared/publisherupgradeprofileresponse.go
  - internal/sdk/models/shared/publisherupgradeprofilepostrequest.go
  - internal/sdk/models/shared/publisherupgradeprofilegetresponse.go
  - internal/sdk/models/shared/publisherupgradeprofileputrequest.go
  - internal/sdk/models/shared/privateappsrequest.go
  - internal/sdk/models/shared/privateappsputrequest.go
  - internal/sdk/models/shared/tagitemnoid.go
  - internal/sdk/models/shared/publisheritem.go
  - internal/sdk/models/shared/protocolitem.go
  - internal/sdk/models/shared/security.go
  - internal/sdk/.gitignore
  - internal/sdk/models/operations/options.go
  - internal/sdk/.gitattributes
  - internal/sdk/internal/hooks/hooks.go
  - internal/sdk/CONTRIBUTING.md
  - examples/README.md
  - go.mod
  - go.sum
  - internal/planmodifiers/boolplanmodifier/suppress_diff.go
  - internal/planmodifiers/float64planmodifier/suppress_diff.go
  - internal/planmodifiers/int64planmodifier/suppress_diff.go
  - internal/planmodifiers/listplanmodifier/suppress_diff.go
  - internal/planmodifiers/mapplanmodifier/suppress_diff.go
  - internal/planmodifiers/numberplanmodifier/suppress_diff.go
  - internal/planmodifiers/objectplanmodifier/suppress_diff.go
  - internal/planmodifiers/setplanmodifier/suppress_diff.go
  - internal/planmodifiers/stringplanmodifier/suppress_diff.go
  - internal/planmodifiers/utils/state_check.go
  - internal/provider/reflect/diags.go
  - internal/provider/reflect/doc.go
  - internal/provider/reflect/generic_attr_value.go
  - internal/provider/reflect/helpers.go
  - internal/provider/reflect/interfaces.go
  - internal/provider/reflect/into.go
  - internal/provider/reflect/map.go
  - internal/provider/reflect/number.go
  - internal/provider/reflect/options.go
  - internal/provider/reflect/outof.go
  - internal/provider/reflect/pointer.go
  - internal/provider/reflect/primitive.go
  - internal/provider/reflect/slice.go
  - internal/provider/reflect/struct.go
  - internal/provider/utils.go
  - internal/validators/DateValidator.go
  - internal/validators/ExactlyOneChild.go
  - internal/validators/JSONParseValidator.go
  - internal/validators/RFC3339Validator.go
  - internal/validators/boolvalidators/not_null.go
  - internal/validators/float64validators/not_null.go
  - internal/validators/int64validators/not_null.go
  - internal/validators/listvalidators/not_null.go
  - internal/validators/mapvalidators/not_null.go
  - internal/validators/numbervalidators/not_null.go
  - internal/validators/objectvalidators/not_null.go
  - internal/validators/setvalidators/not_null.go
  - internal/validators/stringvalidators/not_null.go
  - main.go
  - terraform-registry-manifest.json
  - tools/tools.go
  - internal/provider/types/app_option.go
  - internal/provider/types/protocols.go
  - internal/provider/types/publisher_item.go
  - internal/provider/types/private_apps_response_reachability.go
  - internal/provider/types/reachability.go
  - internal/provider/types/service_publisher_assignment_item.go
  - internal/provider/types/tags.go
  - internal/provider/types/publisher_response_ca_certs_status.go
  - internal/provider/types/publisher_response_assessment.go
  - internal/provider/types/publisher_response_pull_nsconfig.go
  - internal/provider/types/publisher_response_capabilities.go
  - internal/provider/types/publisher_response_upgrade_failed_reason.go
  - internal/provider/types/publisher_response_upgrade_status.go
  - internal/provider/types/upgrade_publisher_response_ca_certs_status.go
  - internal/provider/types/upgrade_publisher_response_assessment.go
  - internal/provider/types/upgrade_publisher_response_upgrade_failed_reason.go
  - internal/provider/types/upgrade_publisher_response.go
  - internal/provider/types/publisher_upgrade_profile_bulk_response_data.go
  - internal/provider/types/publisher_upgrade_profile_bulk_request_apply.go
  - internal/provider/types/publisher_upgrade_profile_bulk_request_publishers.go
  - internal/provider/types/publisher_bulk_item.go
  - internal/provider/types/publishers_bulk_response_data.go
  - internal/provider/types/apply.go
  - internal/provider/types/publishers.go
  - internal/provider/types/protocol_response_item.go
  - internal/provider/types/tag_item.go
  - internal/provider/types/private_apps_list_response_data.go
  - internal/provider/types/private_apps_list_response.go
  - internal/provider/types/data.go
  - internal/provider/types/response_body.go
  - internal/provider/types/private_apps_response_data.go
  - internal/provider/types/publishers_get_response_publishers.go
  - internal/provider/types/data1.go
  - internal/provider/types/release_item.go
  - internal/provider/types/upgrade_profiles.go
  - internal/provider/types/publisher_upgrade_profile_list_response_data.go
  - USAGE.md
  - internal/provider/provider.go
  - examples/provider/provider.tf
  - examples/resources/ns_npa_private_app/import.sh
  - internal/provider/npaprivateapp_resource.go
  - internal/provider/npaprivateapp_resource_sdk.go
  - examples/resources/ns_npa_private_app/resource.tf
  - examples/resources/ns_npa_publisher/import.sh
  - internal/provider/npapublisher_resource.go
  - internal/provider/npapublisher_resource_sdk.go
  - examples/resources/ns_npa_publisher/resource.tf
  - internal/provider/npapublishersalertsconfiguration_resource.go
  - internal/provider/npapublishersalertsconfiguration_resource_sdk.go
  - examples/resources/ns_npa_publishers_alerts_configuration/resource.tf
  - internal/provider/npapublishersbulkprofileupdates_resource.go
  - internal/provider/npapublishersbulkprofileupdates_resource_sdk.go
  - examples/resources/ns_npa_publishers_bulk_profile_updates/resource.tf
  - internal/provider/npapublishersbulkupgraderequest_resource.go
  - internal/provider/npapublishersbulkupgraderequest_resource_sdk.go
  - examples/resources/ns_npa_publishers_bulk_upgrade_request/resource.tf
  - internal/provider/npapublishertoken_resource.go
  - internal/provider/npapublishertoken_resource_sdk.go
  - examples/resources/ns_npa_publisher_token/resource.tf
  - examples/resources/ns_npa_publisher_upgrade_profile/import.sh
  - internal/provider/npapublisherupgradeprofile_resource.go
  - internal/provider/npapublisherupgradeprofile_resource_sdk.go
  - examples/resources/ns_npa_publisher_upgrade_profile/resource.tf
  - internal/provider/npaprivateapp_data_source.go
  - internal/provider/npaprivateapp_data_source_sdk.go
  - examples/data-sources/ns_npa_private_app/data-source.tf
  - internal/provider/npaprivateappslist_data_source.go
  - internal/provider/npaprivateappslist_data_source_sdk.go
  - examples/data-sources/ns_npa_private_apps_list/data-source.tf
  - internal/provider/npaprivatepolicyinuse_data_source.go
  - internal/provider/npaprivatepolicyinuse_data_source_sdk.go
  - examples/data-sources/ns_npa_private_policy_in_use/data-source.tf
  - internal/provider/npapublisher_data_source.go
  - internal/provider/npapublisher_data_source_sdk.go
  - examples/data-sources/ns_npa_publisher/data-source.tf
  - internal/provider/npapublisherappslist_data_source.go
  - internal/provider/npapublisherappslist_data_source_sdk.go
  - examples/data-sources/ns_npa_publisher_apps_list/data-source.tf
  - internal/provider/npapublishersalertsconfiguration_data_source.go
  - internal/provider/npapublishersalertsconfiguration_data_source_sdk.go
  - examples/data-sources/ns_npa_publishers_alerts_configuration/data-source.tf
  - internal/provider/npapublisherslist_data_source.go
  - internal/provider/npapublisherslist_data_source_sdk.go
  - examples/data-sources/ns_npa_publishers_list/data-source.tf
  - internal/provider/npapublishersreleaseslist_data_source.go
  - internal/provider/npapublishersreleaseslist_data_source_sdk.go
  - examples/data-sources/ns_npa_publishers_releases_list/data-source.tf
  - internal/provider/npapublisherupgradeprofile_data_source.go
  - internal/provider/npapublisherupgradeprofile_data_source_sdk.go
  - examples/data-sources/ns_npa_publisher_upgrade_profile/data-source.tf
  - internal/provider/npapublisherupgradeprofileslist_data_source.go
  - internal/provider/npapublisherupgradeprofileslist_data_source_sdk.go
  - examples/data-sources/ns_npa_publisher_upgrade_profiles_list/data-source.tf
  - .gitattributes
  - CONTRIBUTING.md
