speakeasyVersion: 1.320.0
sources:
    openapi:
        sourceNamespace: openapi
        sourceRevisionDigest: sha256:cde497875465651ee24a1d5a3025327914a8f7819c8c6b57964b301846252ad8
        sourceBlobDigest: sha256:a97e5ebf47287ed0989cabd6bf71cd5af5011b7fa6a3b164c659a8c474a7a478
        tags:
            - latest
targets:
    first-target:
        source: openapi
        sourceNamespace: openapi
        sourceRevisionDigest: sha256:cde497875465651ee24a1d5a3025327914a8f7819c8c6b57964b301846252ad8
        sourceBlobDigest: sha256:a97e5ebf47287ed0989cabd6bf71cd5af5011b7fa6a3b164c659a8c474a7a478
        outLocation: /Users/jadrian/speakeasy/terraform-provider-ns
workflow:
    workflowVersion: 1.0.0
    speakeasyVersion: latest
    sources:
        openapi:
            inputs:
                - location: /Users/jadrian/speakeasy/netskope-apiv2-oas/base_oas.yaml
                - location: /Users/jadrian/speakeasy/netskope-apiv2-oas/endpoints/infrastructure/npa_publisher.yaml
                - location: /Users/jadrian/speakeasy/netskope-apiv2-oas/endpoints/infrastructure/npa_upgrade_profiles.yaml
                - location: /Users/jadrian/speakeasy/netskope-apiv2-oas/endpoints/policy/npa_policy.yaml
                - location: /Users/jadrian/speakeasy/netskope-apiv2-oas/endpoints/policy/npa_policygroup.yaml
                - location: /Users/jadrian/speakeasy/netskope-apiv2-oas/endpoints/steering/npa_apps_private.yaml
                - location: /Users/jadrian/speakeasy/netskope-apiv2-oas/endpoints/steering/npa_private_tag.yaml
            overlays:
                - location: /Users/jadrian/speakeasy/netskope-apiv2-oas/terraform_overlay.yaml
            registry:
                location: registry.speakeasyapi.dev/api_dev_ns/api-dev-ns/openapi
    targets:
        first-target:
            target: terraform
            source: openapi
