speakeasyVersion: 1.322.3
sources:
    openapi:
        sourceNamespace: openapi
        sourceRevisionDigest: sha256:ea6540d4a318560be8459f8d1660c1bbdcc5de096e582c799e248c8e3777d42e
        sourceBlobDigest: sha256:a46e827492f4e32d388d2889e450c3f06a70439d2368a132de14fa0c811cd27d
        tags:
            - latest
targets:
    first-target:
        source: openapi
        sourceNamespace: openapi
        sourceRevisionDigest: sha256:ea6540d4a318560be8459f8d1660c1bbdcc5de096e582c799e248c8e3777d42e
        sourceBlobDigest: sha256:a46e827492f4e32d388d2889e450c3f06a70439d2368a132de14fa0c811cd27d
        outLocation: /Users/jadrian/speakeasy/terraform-provider-ns
workflow:
    workflowVersion: 1.0.0
    speakeasyVersion: latest
    sources:
        openapi:
            inputs:
                - location: /Users/jadrian/speakeasy/netskope-apiv2-oas/base_oas.yaml
                - location: /Users/jadrian/speakeasy/netskope-apiv2-oas/endpoints/infrastructure/npa_publisher.yaml
                - location: /Users/jadrian/speakeasy/netskope-apiv2-oas/endpoints/policy/npa_policy.yaml
                - location: /Users/jadrian/speakeasy/netskope-apiv2-oas/endpoints/policy/npa_policygroup.yaml
                - location: /Users/jadrian/speakeasy/netskope-apiv2-oas/endpoints/steering/npa_apps_private.yaml
                - location: /Users/jadrian/speakeasy/netskope-apiv2-oas/endpoints/steering/npa_private_tag.yaml
            overlays:
                - location: /Users/jadrian/speakeasy/netskope-apiv2-oas/terraform_overlay.yaml
            registry:
                location: registry.speakeasyapi.dev/api_dev_ns/api-dev-ns/openapi
    targets:
        first-target:
            target: terraform
            source: openapi
