speakeasyVersion: 1.315.2
sources:
    openapi:
        sourceNamespace: openapi
        sourceRevisionDigest: sha256:9a8459dafdb0ceaa80871a7ec5d5b1008fd36e2e0507e1374c4f52e94cca43de
        sourceBlobDigest: sha256:4217e0168c981461450678b66aca32e4a0805f850c6afaebc56f5e0247f3a070
        tags:
            - latest
targets:
    first-target:
        source: openapi
        sourceNamespace: openapi
        sourceRevisionDigest: sha256:9a8459dafdb0ceaa80871a7ec5d5b1008fd36e2e0507e1374c4f52e94cca43de
        sourceBlobDigest: sha256:4217e0168c981461450678b66aca32e4a0805f850c6afaebc56f5e0247f3a070
        outLocation: /Users/jadrian/speakeasy/terraform-provider-ns
workflow:
    workflowVersion: 1.0.0
    speakeasyVersion: latest
    sources:
        openapi:
            inputs:
                - location: /Users/jadrian/speakeasy/netskope-apiv2-oas/base_oas.yaml
                - location: /Users/jadrian/speakeasy/netskope-apiv2-oas/endpoints/infrastructure/npa_publisher.yaml
                - location: /Users/jadrian/speakeasy/netskope-apiv2-oas/endpoints/infrastructure/npa_upgrade_profiles.yaml
                - location: /Users/jadrian/speakeasy/netskope-apiv2-oas/endpoints/policy/npa_policy.yaml
                - location: /Users/jadrian/speakeasy/netskope-apiv2-oas/endpoints/policy/npa_policygroup.yaml
                - location: /Users/jadrian/speakeasy/netskope-apiv2-oas/endpoints/steering/npa_apps_private.yaml
                - location: /Users/jadrian/speakeasy/netskope-apiv2-oas/endpoints/steering/npa_private_tag.yaml
                - location: /Users/jadrian/speakeasy/netskope-apiv2-oas/endpoints/steering/gre.yaml
                - location: /Users/jadrian/speakeasy/netskope-apiv2-oas/endpoints/steering/ipsec.yaml
            overlays:
                - location: /Users/jadrian/speakeasy/netskope-apiv2-oas/terraform_overlay.yaml
            registry:
                location: registry.speakeasyapi.dev/api_dev_ns/api-dev-ns/openapi
    targets:
        first-target:
            target: terraform
            source: openapi
